<Solution>
  <Project Path="src/Core/DynamicControls.Core.csproj" />
  <Project Path="src/LaunchBox/DynamicControls.LaunchBox.csproj" />
  <Project Path="tests/Core.TestHelpers/DynamicControls.Core.TestHelpers.csproj" />
  <Project Path="tests/Core.Tests/DynamicControls.Core.Tests.csproj" />
  <Project Path="tests/Core.IntegrationTests/DynamicControls.Core.IntegrationTests.csproj" />
  <Project Path="tests/LaunchBox.Tests/DynamicControls.LaunchBox.Tests.csproj" />
</Solution>
